
Microsoft Visual Studio Solution File, Format Version 12.00
# Visual Studio 15
VisualStudioVersion = 15.0.28307.329
MinimumVisualStudioVersion = 10.0.40219.1
Project("{FAE04EC0-301F-11D3-BF4B-00C04F79EFBC}") = "WordsPerMinute", "WordsPerMinute\WordsPerMinute.csproj", "{CCA349DB-8AAD-4D76-BEA6-B111CCFC5016}"
EndProject
Global
	GlobalSection(SolutionConfigurationPlatforms) = preSolution
		Debug|Any CPU = Debug|Any CPU
		Release|Any CPU = Release|Any CPU
	EndGlobalSection
	GlobalSection(ProjectConfigurationPlatforms) = postSolution
		{CCA349DB-8AAD-4D76-BEA6-B111CCFC5016}.Debug|Any CPU.ActiveCfg = Debug|Any CPU
		{CCA349DB-8AAD-4D76-BEA6-B111CCFC5016}.Debug|Any CPU.Build.0 = Debug|Any CPU
		{CCA349DB-8AAD-4D76-BEA6-B111CCFC5016}.Release|Any CPU.ActiveCfg = Release|Any CPU
		{CCA349DB-8AAD-4D76-BEA6-B111CCFC5016}.Release|Any CPU.Build.0 = Release|Any CPU
	EndGlobalSection
	GlobalSection(SolutionProperties) = preSolution
		HideSolutionNode = FALSE
	EndGlobalSection
	GlobalSection(ExtensibilityGlobals) = postSolution
		SolutionGuid = {934A9228-E74D-4A34-9810-3D3ECFE52C10}
	EndGlobalSection
EndGlobal
